
Microsoft Visual Studio Solution File, Format Version 12.00
# Visual Studio Version 17
VisualStudioVersion = 17.9.34728.123
MinimumVisualStudioVersion = 10.0.40219.1
Project("{FAE04EC0-301F-11D3-BF4B-00C04F79EFBC}") = "CitasMedicas.RecepcionistaApi", "CitasMedicas.RecepcionistaApi\CitasMedicas.RecepcionistaApi.csproj", "{3B378259-6871-48F6-B580-80BECC7EB8DD}"
EndProject
Global
	GlobalSection(SolutionConfigurationPlatforms) = preSolution
		Debug|Any CPU = Debug|Any CPU
		Release|Any CPU = Release|Any CPU
	EndGlobalSection
	GlobalSection(ProjectConfigurationPlatforms) = postSolution
		{3B378259-6871-48F6-B580-80BECC7EB8DD}.Debug|Any CPU.ActiveCfg = Debug|Any CPU
		{3B378259-6871-48F6-B580-80BECC7EB8DD}.Debug|Any CPU.Build.0 = Debug|Any CPU
		{3B378259-6871-48F6-B580-80BECC7EB8DD}.Release|Any CPU.ActiveCfg = Release|Any CPU
		{3B378259-6871-48F6-B580-80BECC7EB8DD}.Release|Any CPU.Build.0 = Release|Any CPU
	EndGlobalSection
	GlobalSection(SolutionProperties) = preSolution
		HideSolutionNode = FALSE
	EndGlobalSection
	GlobalSection(ExtensibilityGlobals) = postSolution
		SolutionGuid = {A0F1681B-4ECC-4E2F-80C9-76AED2591D82}
	EndGlobalSection
EndGlobal
